
Microsoft Visual Studio Solution File, Format Version 12.00
# Visual Studio Version 17
VisualStudioVersion = 17.5.002.0
MinimumVisualStudioVersion = 10.0.40219.1
Project("{9A19103F-16F7-4668-BE54-9A1E7A4F7556}") = "StoreApp", "StoreApp.csproj", "{942AA56F-3FFE-4B3F-A278-67413EE38BF3}"
EndProject
Global
	GlobalSection(SolutionConfigurationPlatforms) = preSolution
		Debug|Any CPU = Debug|Any CPU
		Release|Any CPU = Release|Any CPU
	EndGlobalSection
	GlobalSection(ProjectConfigurationPlatforms) = postSolution
		{942AA56F-3FFE-4B3F-A278-67413EE38BF3}.Debug|Any CPU.ActiveCfg = Debug|Any CPU
		{942AA56F-3FFE-4B3F-A278-67413EE38BF3}.Debug|Any CPU.Build.0 = Debug|Any CPU
		{942AA56F-3FFE-4B3F-A278-67413EE38BF3}.Release|Any CPU.ActiveCfg = Release|Any CPU
		{942AA56F-3FFE-4B3F-A278-67413EE38BF3}.Release|Any CPU.Build.0 = Release|Any CPU
	EndGlobalSection
	GlobalSection(SolutionProperties) = preSolution
		HideSolutionNode = FALSE
	EndGlobalSection
	GlobalSection(ExtensibilityGlobals) = postSolution
		SolutionGuid = {CA895F5E-B206-4741-9535-2979EDA90C9C}
	EndGlobalSection
EndGlobal
